
Microsoft Visual Studio Solution File, Format Version 12.00
# Visual Studio 2015
Project("{FAE04EC0-301F-11D3-BF4B-00C04F79EFBC}") = "LaproscopicProject2", "LaproscopicProject2.csproj", "{6E299C27-95B7-A35F-8617-E8F5261834F8}"
EndProject
Global
	GlobalSection(SolutionConfigurationPlatforms) = preSolution
		Debug|Any CPU = Debug|Any CPU
		Release|Any CPU = Release|Any CPU
	EndGlobalSection
	GlobalSection(ProjectConfigurationPlatforms) = postSolution
		{6E299C27-95B7-A35F-8617-E8F5261834F8}.Debug|Any CPU.ActiveCfg = Debug|Any CPU
		{6E299C27-95B7-A35F-8617-E8F5261834F8}.Debug|Any CPU.Build.0 = Debug|Any CPU
		{6E299C27-95B7-A35F-8617-E8F5261834F8}.Release|Any CPU.ActiveCfg = Release|Any CPU
		{6E299C27-95B7-A35F-8617-E8F5261834F8}.Release|Any CPU.Build.0 = Release|Any CPU
	EndGlobalSection
	GlobalSection(SolutionProperties) = preSolution
		HideSolutionNode = FALSE
	EndGlobalSection
EndGlobal
